github.com/hugo-toha/toha/v4 v4.0.0-20230127171959-e5fcc95e8b8d h1:k1rDTBgP+PHukGcuuZTHdR3NgdfPkTrrwClG0ehm44Y=
github.com/hugo-toha/toha/v4 v4.0.0-20230127171959-e5fcc95e8b8d/go.mod h1:p/K34lqlqmhzfPd4cx66od7sjlROBqhMxG30mJz+aKQ=
github.com/ionrock/cachecontrol v0.12.12 h1:zGy6XWf13hiqbvxQlH2j8Y2L13TwpTp0gj+1tLPWyD4=
github.com/ionrock/cachecontrol v0.12.12/go.mod h1:L9q6/LJlvVMQEeTTUTCzQ7KtnB56BSDyXb3wajDQbjQ=
